
Microsoft Visual Studio Solution File, Format Version 12.00
# Visual Studio 15
VisualStudioVersion = 15.0.27130.2026
MinimumVisualStudioVersion = 10.0.40219.1
Project("{9A19103F-16F7-4668-BE54-9A1E7A4F7556}") = "WebApi", "WebApi\WebApi.csproj", "{39EE625E-F7F3-45F8-AB45-F1C45C1AA561}"
EndProject
Project("{9A19103F-16F7-4668-BE54-9A1E7A4F7556}") = "WebApi.Models", "WebApi.Models\WebApi.Models.csproj", "{74F3D4A4-3688-42C3-BA3B-D1F8A0EA4B11}"
EndProject
Global
	GlobalSection(SolutionConfigurationPlatforms) = preSolution
		Debug|Any CPU = Debug|Any CPU
		Release|Any CPU = Release|Any CPU
	EndGlobalSection
	GlobalSection(ProjectConfigurationPlatforms) = postSolution
		{39EE625E-F7F3-45F8-AB45-F1C45C1AA561}.Debug|Any CPU.ActiveCfg = Debug|Any CPU
		{39EE625E-F7F3-45F8-AB45-F1C45C1AA561}.Debug|Any CPU.Build.0 = Debug|Any CPU
		{39EE625E-F7F3-45F8-AB45-F1C45C1AA561}.Release|Any CPU.ActiveCfg = Release|Any CPU
		{39EE625E-F7F3-45F8-AB45-F1C45C1AA561}.Release|Any CPU.Build.0 = Release|Any CPU
		{74F3D4A4-3688-42C3-BA3B-D1F8A0EA4B11}.Debug|Any CPU.ActiveCfg = Debug|Any CPU
		{74F3D4A4-3688-42C3-BA3B-D1F8A0EA4B11}.Debug|Any CPU.Build.0 = Debug|Any CPU
		{74F3D4A4-3688-42C3-BA3B-D1F8A0EA4B11}.Release|Any CPU.ActiveCfg = Release|Any CPU
		{74F3D4A4-3688-42C3-BA3B-D1F8A0EA4B11}.Release|Any CPU.Build.0 = Release|Any CPU
	EndGlobalSection
	GlobalSection(SolutionProperties) = preSolution
		HideSolutionNode = FALSE
	EndGlobalSection
	GlobalSection(ExtensibilityGlobals) = postSolution
		SolutionGuid = {2E1A69D3-B16C-4B46-AEC1-58FDC826B08D}
	EndGlobalSection
EndGlobal
